// !$*UTF8*$!
{
	archiveVersion = 1;
	classes = {
	};
	objectVersion = 55;
	objects = {

/* Begin PBXBuildFile section */
		4DD05FC1281AEE630016E491 /* AppDelegate.swift in Sources */ = {isa = PBXBuildFile; fileRef = 4DD05FC0281AEE630016E491 /* AppDelegate.swift */; };
		4DD05FC3281AEE630016E491 /* SceneDelegate.swift in Sources */ = {isa = PBXBuildFile; fileRef = 4DD05FC2281AEE630016E491 /* SceneDelegate.swift */; };
		4DD05FC5281AEE630016E491 /* AnimationViewController.swift in Sources */ = {isa = PBXBuildFile; fileRef = 4DD05FC4281AEE630016E491 /* AnimationViewController.swift */; };
		4DD05FC8281AEE630016E491 /* Main.storyboard in Resources */ = {isa = PBXBuildFile; fileRef = 4DD05FC6281AEE630016E491 /* Main.storyboard */; };
		4DD05FCA281AEE640016E491 /* Assets.xcassets in Resources */ = {isa = PBXBuildFile; fileRef = 4DD05FC9281AEE640016E491 /* Assets.xcassets */; };
		4DD05FCD281AEE640016E491 /* LaunchScreen.storyboard in Resources */ = {isa = PBXBuildFile; fileRef = 4DD05FCB281AEE640016E491 /* LaunchScreen.storyboard */; };
		4DD05FDA281AFC5D0016E491 /* Animation.swift in Sources */ = {isa = PBXBuildFile; fileRef = 4DD05FD9281AFC5D0016E491 /* Animation.swift */; };
		A38621D2E0AE67BFEDF7B615 /* Pods_SpringAnimationapp.framework in Frameworks */ = {isa = PBXBuildFile; fileRef = 6C30EB9DC307DAF0035CAC72 /* Pods_SpringAnimationapp.framework */; };
/* End PBXBuildFile section */

/* Begin PBXFileReference section */
		4DD05FBD281AEE630016E491 /* SpringAnimationapp.app */ = {isa = PBXFileReference; explicitFileType = wrapper.application; includeInIndex = 0; path = SpringAnimationapp.app; sourceTree = BUILT_PRODUCTS_DIR; };
		4DD05FC0281AEE630016E491 /* AppDelegate.swift */ = {isa = PBXFileReference; lastKnownFileType = sourcecode.swift; path = AppDelegate.swift; sourceTree = "<group>"; };
		4DD05FC2281AEE630016E491 /* SceneDelegate.swift */ = {isa = PBXFileReference; lastKnownFileType = sourcecode.swift; path = SceneDelegate.swift; sourceTree = "<group>"; };
		4DD05FC4281AEE630016E491 /* AnimationViewController.swift */ = {isa = PBXFileReference; lastKnownFileType = sourcecode.swift; path = AnimationViewController.swift; sourceTree = "<group>"; };
		4DD05FC7281AEE630016E491 /* Base */ = {isa = PBXFileReference; lastKnownFileType = file.storyboard; name = Base; path = Base.lproj/Main.storyboard; sourceTree = "<group>"; };
		4DD05FC9281AEE640016E491 /* Assets.xcassets */ = {isa = PBXFileReference; lastKnownFileType = folder.assetcatalog; path = Assets.xcassets; sourceTree = "<group>"; };
		4DD05FCC281AEE640016E491 /* Base */ = {isa = PBXFileReference; lastKnownFileType = file.storyboard; name = Base; path = Base.lproj/LaunchScreen.storyboard; sourceTree = "<group>"; };
		4DD05FCE281AEE640016E491 /* Info.plist */ = {isa = PBXFileReference; lastKnownFileType = text.plist.xml; path = Info.plist; sourceTree = "<group>"; };
		4DD05FD9281AFC5D0016E491 /* Animation.swift */ = {isa = PBXFileReference; lastKnownFileType = sourcecode.swift; path = Animation.swift; sourceTree = "<group>"; };
		6C30EB9DC307DAF0035CAC72 /* Pods_SpringAnimationapp.framework */ = {isa = PBXFileReference; explicitFileType = wrapper.framework; includeInIndex = 0; path = Pods_SpringAnimationapp.framework; sourceTree = BUILT_PRODUCTS_DIR; };
		DDB45ACAA51B195A79C331E1 /* Pods-SpringAnimationapp.release.xcconfig */ = {isa = PBXFileReference; includeInIndex = 1; lastKnownFileType = text.xcconfig; name = "Pods-SpringAnimationapp.release.xcconfig"; path = "Target Support Files/Pods-SpringAnimationapp/Pods-SpringAnimationapp.release.xcconfig"; sourceTree = "<group>"; };
		EEF0990B193F08016D3ED41C /* Pods-SpringAnimationapp.debug.xcconfig */ = {isa = PBXFileReference; includeInIndex = 1; lastKnownFileType = text.xcconfig; name = "Pods-SpringAnimationapp.debug.xcconfig"; path = "Target Support Files/Pods-SpringAnimationapp/Pods-SpringAnimationapp.debug.xcconfig"; sourceTree = "<group>"; };
/* End PBXFileReference section */

/* Begin PBXFrameworksBuildPhase section */
		4DD05FBA281AEE630016E491 /* Frameworks */ = {
			isa = PBXFrameworksBuildPhase;
			buildActionMask = 2147483647;
			files = (
				A38621D2E0AE67BFEDF7B615 /* Pods_SpringAnimationapp.framework in Frameworks */,
			);
			runOnlyForDeploymentPostprocessing = 0;
		};
/* End PBXFrameworksBuildPhase section */

/* Begin PBXGroup section */
		15DA98D55E7E0286003C6140 /* Frameworks */ = {
			isa = PBXGroup;
			children = (
				6C30EB9DC307DAF0035CAC72 /* Pods_SpringAnimationapp.framework */,
			);
			name = Frameworks;
			sourceTree = "<group>";
		};
		4DD05FB4281AEE630016E491 = {
			isa = PBXGroup;
			children = (
				4DD05FBF281AEE630016E491 /* SpringAnimationapp */,
				4DD05FBE281AEE630016E491 /* Products */,
				6FFBA7F1A5D900C3D13E5FEE /* Pods */,
				15DA98D55E7E0286003C6140 /* Frameworks */,
			);
			sourceTree = "<group>";
		};
		4DD05FBE281AEE630016E491 /* Products */ = {
			isa = PBXGroup;
			children = (
				4DD05FBD281AEE630016E491 /* SpringAnimationapp.app */,
			);
			name = Products;
			sourceTree = "<group>";
		};
		4DD05FBF281AEE630016E491 /* SpringAnimationapp */ = {
			isa = PBXGroup;
			children = (
				4DD05FD8281AFB8D0016E491 /* ViewControllers */,
				4DD05FD7281AFB690016E491 /* Models */,
				4DD05FD6281AFB570016E491 /* StoryBoards */,
				4DD05FD5281AFB4F0016E491 /* App */,
				4DD05FD4281AFB3F0016E491 /* Resources */,
			);
			path = SpringAnimationapp;
			sourceTree = "<group>";
		};
		4DD05FD4281AFB3F0016E491 /* Resources */ = {
			isa = PBXGroup;
			children = (
				4DD05FC9281AEE640016E491 /* Assets.xcassets */,
			);
			path = Resources;
			sourceTree = "<group>";
		};
		4DD05FD5281AFB4F0016E491 /* App */ = {
			isa = PBXGroup;
			children = (
				4DD05FC0281AEE630016E491 /* AppDelegate.swift */,
				4DD05FC2281AEE630016E491 /* SceneDelegate.swift */,
				4DD05FCE281AEE640016E491 /* Info.plist */,
			);
			path = App;
			sourceTree = "<group>";
		};
		4DD05FD6281AFB570016E491 /* StoryBoards */ = {
			isa = PBXGroup;
			children = (
				4DD05FC6281AEE630016E491 /* Main.storyboard */,
				4DD05FCB281AEE640016E491 /* LaunchScreen.storyboard */,
			);
			path = StoryBoards;
			sourceTree = "<group>";
		};
		4DD05FD7281AFB690016E491 /* Models */ = {
			isa = PBXGroup;
			children = (
				4DD05FD9281AFC5D0016E491 /* Animation.swift */,
			);
			path = Models;
			sourceTree = "<group>";
		};
		4DD05FD8281AFB8D0016E491 /* ViewControllers */ = {
			isa = PBXGroup;
			children = (
				4DD05FC4281AEE630016E491 /* AnimationViewController.swift */,
			);
			path = ViewControllers;
			sourceTree = "<group>";
		};
		6FFBA7F1A5D900C3D13E5FEE /* Pods */ = {
			isa = PBXGroup;
			children = (
				EEF0990B193F08016D3ED41C /* Pods-SpringAnimationapp.debug.xcconfig */,
				DDB45ACAA51B195A79C331E1 /* Pods-SpringAnimationapp.release.xcconfig */,
			);
			path = Pods;
			sourceTree = "<group>";
		};
/* End PBXGroup section */

/* Begin PBXNativeTarget section */
		4DD05FBC281AEE630016E491 /* SpringAnimationapp */ = {
			isa = PBXNativeTarget;
			buildConfigurationList = 4DD05FD1281AEE640016E491 /* Build configuration list for PBXNativeTarget "SpringAnimationapp" */;
			buildPhases = (
				021CD6D1D165D61D7809F47A /* [CP] Check Pods Manifest.lock */,
				4DD05FB9281AEE630016E491 /* Sources */,
				4DD05FBA281AEE630016E491 /* Frameworks */,
				4DD05FBB281AEE630016E491 /* Resources */,
				E8A09F9EF6742F015A4E3368 /* [CP] Embed Pods Frameworks */,
			);
			buildRules = (
			);
			dependencies = (
			);
			name = SpringAnimationapp;
			productName = SpringAnimationapp;
			productReference = 4DD05FBD281AEE630016E491 /* SpringAnimationapp.app */;
			productType = "com.apple.product-type.application";
		};
/* End PBXNativeTarget section */

/* Begin PBXProject section */
		4DD05FB5281AEE630016E491 /* Project object */ = {
			isa = PBXProject;
			attributes = {
				BuildIndependentTargetsInParallel = 1;
				LastSwiftUpdateCheck = 1330;
				LastUpgradeCheck = 1330;
				TargetAttributes = {
					4DD05FBC281AEE630016E491 = {
						CreatedOnToolsVersion = 13.3.1;
					};
				};
			};
			buildConfigurationList = 4DD05FB8281AEE630016E491 /* Build configuration list for PBXProject "SpringAnimationapp" */;
			compatibilityVersion = "Xcode 13.0";
			developmentRegion = en;
			hasScannedForEncodings = 0;
			knownRegions = (
				en,
				Base,
			);
			mainGroup = 4DD05FB4281AEE630016E491;
			productRefGroup = 4DD05FBE281AEE630016E491 /* Products */;
			projectDirPath = "";
			projectRoot = "";
			targets = (
				4DD05FBC281AEE630016E491 /* SpringAnimationapp */,
			);
		};
/* End PBXProject section */

/* Begin PBXResourcesBuildPhase section */
		4DD05FBB281AEE630016E491 /* Resources */ = {
			isa = PBXResourcesBuildPhase;
			buildActionMask = 2147483647;
			files = (
				4DD05FCD281AEE640016E491 /* LaunchScreen.storyboard in Resources */,
				4DD05FCA281AEE640016E491 /* Assets.xcassets in Resources */,
				4DD05FC8281AEE630016E491 /* Main.storyboard in Resources */,
			);
			runOnlyForDeploymentPostprocessing = 0;
		};
/* End PBXResourcesBuildPhase section */

/* Begin PBXShellScriptBuildPhase section */
		021CD6D1D165D61D7809F47A /* [CP] Check Pods Manifest.lock */ = {
			isa = PBXShellScriptBuildPhase;
			buildActionMask = 2147483647;
			files = (
			);
			inputFileListPaths = (
			);
			inputPaths = (
				"${PODS_PODFILE_DIR_PATH}/Podfile.lock",
				"${PODS_ROOT}/Manifest.lock",
			);
			name = "[CP] Check Pods Manifest.lock";
			outputFileListPaths = (
			);
			outputPaths = (
				"$(DERIVED_FILE_DIR)/Pods-SpringAnimationapp-checkManifestLockResult.txt",
			);
			runOnlyForDeploymentPostprocessing = 0;
			shellPath = /bin/sh;
			shellScript = "diff \"${PODS_PODFILE_DIR_PATH}/Podfile.lock\" \"${PODS_ROOT}/Manifest.lock\" > /dev/null\nif [ $? != 0 ] ; then\n    # print error to STDERR\n    echo \"error: The sandbox is not in sync with the Podfile.lock. Run 'pod install' or update your CocoaPods installation.\" >&2\n    exit 1\nfi\n# This output is used by Xcode 'outputs' to avoid re-running this script phase.\necho \"SUCCESS\" > \"${SCRIPT_OUTPUT_FILE_0}\"\n";
			showEnvVarsInLog = 0;
		};
		E8A09F9EF6742F015A4E3368 /* [CP] Embed Pods Frameworks */ = {
			isa = PBXShellScriptBuildPhase;
			buildActionMask = 2147483647;
			files = (
			);
			inputFileListPaths = (
				"${PODS_ROOT}/Target Support Files/Pods-SpringAnimationapp/Pods-SpringAnimationapp-frameworks-${CONFIGURATION}-input-files.xcfilelist",
			);
			name = "[CP] Embed Pods Frameworks";
			outputFileListPaths = (
				"${PODS_ROOT}/Target Support Files/Pods-SpringAnimationapp/Pods-SpringAnimationapp-frameworks-${CONFIGURATION}-output-files.xcfilelist",
			);
			runOnlyForDeploymentPostprocessing = 0;
			shellPath = /bin/sh;
			shellScript = "\"${PODS_ROOT}/Target Support Files/Pods-SpringAnimationapp/Pods-SpringAnimationapp-frameworks.sh\"\n";
			showEnvVarsInLog = 0;
		};
/* End PBXShellScriptBuildPhase section */

/* Begin PBXSourcesBuildPhase section */
		4DD05FB9281AEE630016E491 /* Sources */ = {
			isa = PBXSourcesBuildPhase;
			buildActionMask = 2147483647;
			files = (
				4DD05FC5281AEE630016E491 /* AnimationViewController.swift in Sources */,
				4DD05FC1281AEE630016E491 /* AppDelegate.swift in Sources */,
				4DD05FDA281AFC5D0016E491 /* Animation.swift in Sources */,
				4DD05FC3281AEE630016E491 /* SceneDelegate.swift in Sources */,
			);
			runOnlyForDeploymentPostprocessing = 0;
		};
/* End PBXSourcesBuildPhase section */

/* Begin PBXVariantGroup section */
		4DD05FC6281AEE630016E491 /* Main.storyboard */ = {
			isa = PBXVariantGroup;
			children = (
				4DD05FC7281AEE630016E491 /* Base */,
			);
			name = Main.storyboard;
			sourceTree = "<group>";
		};
		4DD05FCB281AEE640016E491 /* LaunchScreen.storyboard */ = {
			isa = PBXVariantGroup;
			children = (
				4DD05FCC281AEE640016E491 /* Base */,
			);
			name = LaunchScreen.storyboard;
			sourceTree = "<group>";
		};
/* End PBXVariantGroup section */

/* Begin XCBuildConfiguration section */
		4DD05FCF281AEE640016E491 /* Debug */ = {
			isa = XCBuildConfiguration;
			buildSettings = {
				ALWAYS_SEARCH_USER_PATHS = NO;
				CLANG_ANALYZER_NONNULL = YES;
				CLANG_ANALYZER_NUMBER_OBJECT_CONVERSION = YES_AGGRESSIVE;
				CLANG_CXX_LANGUAGE_STANDARD = "gnu++17";
				CLANG_ENABLE_MODULES = YES;
				CLANG_ENABLE_OBJC_ARC = YES;
				CLANG_ENABLE_OBJC_WEAK = YES;
				CLANG_WARN_BLOCK_CAPTURE_AUTORELEASING = YES;
				CLANG_WARN_BOOL_CONVERSION = YES;
				CLANG_WARN_COMMA = YES;
				CLANG_WARN_CONSTANT_CONVERSION = YES;
				CLANG_WARN_DEPRECATED_OBJC_IMPLEMENTATIONS = YES;
				CLANG_WARN_DIRECT_OBJC_ISA_USAGE = YES_ERROR;
				CLANG_WARN_DOCUMENTATION_COMMENTS = YES;
				CLANG_WARN_EMPTY_BODY = YES;
				CLANG_WARN_ENUM_CONVERSION = YES;
				CLANG_WARN_INFINITE_RECURSION = YES;
				CLANG_WARN_INT_CONVERSION = YES;
				CLANG_WARN_NON_LITERAL_NULL_CONVERSION = YES;
				CLANG_WARN_OBJC_IMPLICIT_RETAIN_SELF = YES;
				CLANG_WARN_OBJC_LITERAL_CONVERSION = YES;
				CLANG_WARN_OBJC_ROOT_CLASS = YES_ERROR;
				CLANG_WARN_QUOTED_INCLUDE_IN_FRAMEWORK_HEADER = YES;
				CLANG_WARN_RANGE_LOOP_ANALYSIS = YES;
				CLANG_WARN_STRICT_PROTOTYPES = YES;
				CLANG_WARN_SUSPICIOUS_MOVE = YES;
				CLANG_WARN_UNGUARDED_AVAILABILITY = YES_AGGRESSIVE;
				CLANG_WARN_UNREACHABLE_CODE = YES;
				CLANG_WARN__DUPLICATE_METHOD_MATCH = YES;
				COPY_PHASE_STRIP = NO;
				DEBUG_INFORMATION_FORMAT = dwarf;
				ENABLE_STRICT_OBJC_MSGSEND = YES;
				ENABLE_TESTABILITY = YES;
				GCC_C_LANGUAGE_STANDARD = gnu11;
				GCC_DYNAMIC_NO_PIC = NO;
				GCC_NO_COMMON_BLOCKS = YES;
				GCC_OPTIMIZATION_LEVEL = 0;
				GCC_PREPROCESSOR_DEFINITIONS = (
					"DEBUG=1",
					"$(inherited)",
				);
				GCC_WARN_64_TO_32_BIT_CONVERSION = YES;
				GCC_WARN_ABOUT_RETURN_TYPE = YES_ERROR;
				GCC_WARN_UNDECLARED_SELECTOR = YES;
				GCC_WARN_UNINITIALIZED_AUTOS = YES_AGGRESSIVE;
				GCC_WARN_UNUSED_FUNCTION = YES;
				GCC_WARN_UNUSED_VARIABLE = YES;
				IPHONEOS_DEPLOYMENT_TARGET = 15.4;
				MTL_ENABLE_DEBUG_INFO = INCLUDE_SOURCE;
				MTL_FAST_MATH = YES;
				ONLY_ACTIVE_ARCH = YES;
				SDKROOT = iphoneos;
				SWIFT_ACTIVE_COMPILATION_CONDITIONS = DEBUG;
				SWIFT_OPTIMIZATION_LEVEL = "-Onone";
			};
			name = Debug;
		};
		4DD05FD0281AEE640016E491 /* Release */ = {
			isa = XCBuildConfiguration;
			buildSettings = {
				ALWAYS_SEARCH_USER_PATHS = NO;
				CLANG_ANALYZER_NONNULL = YES;
				CLANG_ANALYZER_NUMBER_OBJECT_CONVERSION = YES_AGGRESSIVE;
				CLANG_CXX_LANGUAGE_STANDARD = "gnu++17";
				CLANG_ENABLE_MODULES = YES;
				CLANG_ENABLE_OBJC_ARC = YES;
				CLANG_ENABLE_OBJC_WEAK = YES;
				CLANG_WARN_BLOCK_CAPTURE_AUTORELEASING = YES;
				CLANG_WARN_BOOL_CONVERSION = YES;
				CLANG_WARN_COMMA = YES;
				CLANG_WARN_CONSTANT_CONVERSION = YES;
				CLANG_WARN_DEPRECATED_OBJC_IMPLEMENTATIONS = YES;
				CLANG_WARN_DIRECT_OBJC_ISA_USAGE = YES_ERROR;
				CLANG_WARN_DOCUMENTATION_COMMENTS = YES;
				CLANG_WARN_EMPTY_BODY = YES;
				CLANG_WARN_ENUM_CONVERSION = YES;
				CLANG_WARN_INFINITE_RECURSION = YES;
				CLANG_WARN_INT_CONVERSION = YES;
				CLANG_WARN_NON_LITERAL_NULL_CONVERSION = YES;
				CLANG_WARN_OBJC_IMPLICIT_RETAIN_SELF = YES;
				CLANG_WARN_OBJC_LITERAL_CONVERSION = YES;
				CLANG_WARN_OBJC_ROOT_CLASS = YES_ERROR;
				CLANG_WARN_QUOTED_INCLUDE_IN_FRAMEWORK_HEADER = YES;
				CLANG_WARN_RANGE_LOOP_ANALYSIS = YES;
				CLANG_WARN_STRICT_PROTOTYPES = YES;
				CLANG_WARN_SUSPICIOUS_MOVE = YES;
				CLANG_WARN_UNGUARDED_AVAILABILITY = YES_AGGRESSIVE;
				CLANG_WARN_UNREACHABLE_CODE = YES;
				CLANG_WARN__DUPLICATE_METHOD_MATCH = YES;
				COPY_PHASE_STRIP = NO;
				DEBUG_INFORMATION_FORMAT = "dwarf-with-dsym";
				ENABLE_NS_ASSERTIONS = NO;
				ENABLE_STRICT_OBJC_MSGSEND = YES;
				GCC_C_LANGUAGE_STANDARD = gnu11;
				GCC_NO_COMMON_BLOCKS = YES;
				GCC_WARN_64_TO_32_BIT_CONVERSION = YES;
				GCC_WARN_ABOUT_RETURN_TYPE = YES_ERROR;
				GCC_WARN_UNDECLARED_SELECTOR = YES;
				GCC_WARN_UNINITIALIZED_AUTOS = YES_AGGRESSIVE;
				GCC_WARN_UNUSED_FUNCTION = YES;
				GCC_WARN_UNUSED_VARIABLE = YES;
				IPHONEOS_DEPLOYMENT_TARGET = 15.4;
				MTL_ENABLE_DEBUG_INFO = NO;
				MTL_FAST_MATH = YES;
				SDKROOT = iphoneos;
				SWIFT_COMPILATION_MODE = wholemodule;
				SWIFT_OPTIMIZATION_LEVEL = "-O";
				VALIDATE_PRODUCT = YES;
			};
			name = Release;
		};
		4DD05FD2281AEE640016E491 /* Debug */ = {
			isa = XCBuildConfiguration;
			baseConfigurationReference = EEF0990B193F08016D3ED41C /* Pods-SpringAnimationapp.debug.xcconfig */;
			buildSettings = {
				ASSETCATALOG_COMPILER_APPICON_NAME = AppIcon;
				ASSETCATALOG_COMPILER_GLOBAL_ACCENT_COLOR_NAME = AccentColor;
				CODE_SIGN_STYLE = Automatic;
				CURRENT_PROJECT_VERSION = 1;
				DEVELOPMENT_TEAM = S34BZ3639A;
				GENERATE_INFOPLIST_FILE = YES;
				INFOPLIST_FILE = SpringAnimationapp/App/Info.plist;
				INFOPLIST_KEY_UIApplicationSupportsIndirectInputEvents = YES;
				INFOPLIST_KEY_UILaunchStoryboardName = LaunchScreen;
				INFOPLIST_KEY_UIMainStoryboardFile = Main;
				INFOPLIST_KEY_UISupportedInterfaceOrientations_iPad = "UIInterfaceOrientationPortrait UIInterfaceOrientationPortraitUpsideDown UIInterfaceOrientationLandscapeLeft UIInterfaceOrientationLandscapeRight";
				INFOPLIST_KEY_UISupportedInterfaceOrientations_iPhone = "UIInterfaceOrientationPortrait UIInterfaceOrientationLandscapeLeft UIInterfaceOrientationLandscapeRight";
				LD_RUNPATH_SEARCH_PATHS = (
					"$(inherited)",
					"@executable_path/Frameworks",
				);
				MARKETING_VERSION = 1.0;
				PRODUCT_BUNDLE_IDENTIFIER = nastia.SpringAnimationapp;
				PRODUCT_NAME = "$(TARGET_NAME)";
				SWIFT_EMIT_LOC_STRINGS = YES;
				SWIFT_VERSION = 5.0;
				TARGETED_DEVICE_FAMILY = "1,2";
			};
			name = Debug;
		};
		4DD05FD3281AEE640016E491 /* Release */ = {
			isa = XCBuildConfiguration;
			baseConfigurationReference = DDB45ACAA51B195A79C331E1 /* Pods-SpringAnimationapp.release.xcconfig */;
			buildSettings = {
				ASSETCATALOG_COMPILER_APPICON_NAME = AppIcon;
				ASSETCATALOG_COMPILER_GLOBAL_ACCENT_COLOR_NAME = AccentColor;
				CODE_SIGN_STYLE = Automatic;
				CURRENT_PROJECT_VERSION = 1;
				DEVELOPMENT_TEAM = S34BZ3639A;
				GENERATE_INFOPLIST_FILE = YES;
				INFOPLIST_FILE = SpringAnimationapp/App/Info.plist;
				INFOPLIST_KEY_UIApplicationSupportsIndirectInputEvents = YES;
				INFOPLIST_KEY_UILaunchStoryboardName = LaunchScreen;
				INFOPLIST_KEY_UIMainStoryboardFile = Main;
				INFOPLIST_KEY_UISupportedInterfaceOrientations_iPad = "UIInterfaceOrientationPortrait UIInterfaceOrientationPortraitUpsideDown UIInterfaceOrientationLandscapeLeft UIInterfaceOrientationLandscapeRight";
				INFOPLIST_KEY_UISupportedInterfaceOrientations_iPhone = "UIInterfaceOrientationPortrait UIInterfaceOrientationLandscapeLeft UIInterfaceOrientationLandscapeRight";
				LD_RUNPATH_SEARCH_PATHS = (
					"$(inherited)",
					"@executable_path/Frameworks",
				);
				MARKETING_VERSION = 1.0;
				PRODUCT_BUNDLE_IDENTIFIER = nastia.SpringAnimationapp;
				PRODUCT_NAME = "$(TARGET_NAME)";
				SWIFT_EMIT_LOC_STRINGS = YES;
				SWIFT_VERSION = 5.0;
				TARGETED_DEVICE_FAMILY = "1,2";
			};
			name = Release;
		};
/* End XCBuildConfiguration section */

/* Begin XCConfigurationList section */
		4DD05FB8281AEE630016E491 /* Build configuration list for PBXProject "SpringAnimationapp" */ = {
			isa = XCConfigurationList;
			buildConfigurations = (
				4DD05FCF281AEE640016E491 /* Debug */,
				4DD05FD0281AEE640016E491 /* Release */,
			);
			defaultConfigurationIsVisible = 0;
			defaultConfigurationName = Release;
		};
		4DD05FD1281AEE640016E491 /* Build configuration list for PBXNativeTarget "SpringAnimationapp" */ = {
			isa = XCConfigurationList;
			buildConfigurations = (
				4DD05FD2281AEE640016E491 /* Debug */,
				4DD05FD3281AEE640016E491 /* Release */,
			);
			defaultConfigurationIsVisible = 0;
			defaultConfigurationName = Release;
		};
/* End XCConfigurationList section */
	};
	rootObject = 4DD05FB5281AEE630016E491 /* Project object */;
}
